
Microsoft Visual Studio Solution File, Format Version 12.00
# Visual Studio Version 17
VisualStudioVersion = 17.0.31903.59
MinimumVisualStudioVersion = 10.0.40219.1
Project("{2150E333-8FDC-42A3-9474-1A3956D46DE8}") = "2023", "2023", "{771B6AC8-770C-4677-A6C1-25A0B0A83B99}"
EndProject
Project("{FAE04EC0-301F-11D3-BF4B-00C04F79EFBC}") = "AoC.2023.Day4", "2023\AoC.2023.Day4\AoC.2023.Day4.csproj", "{8331BF44-264E-453D-9D1D-C5F3DE6F453E}"
EndProject
Project("{FAE04EC0-301F-11D3-BF4B-00C04F79EFBC}") = "AoC.2023.Day1", "2023\AoC.2023.Day1\AoC.2023.Day1.csproj", "{0D2E4D20-12C6-44E9-AD37-D2EE1C938FF1}"
EndProject
Project("{FAE04EC0-301F-11D3-BF4B-00C04F79EFBC}") = "AoC.2023.Day2", "2023\AoC.2023.Day2\AoC.2023.Day2.csproj", "{316FC4AA-8711-4410-845A-0FAFD136FDB1}"
EndProject
Project("{FAE04EC0-301F-11D3-BF4B-00C04F79EFBC}") = "AoC.2023.Day3", "2023\AoC.2023.Day3\AoC.2023.Day3.csproj", "{9E6359BD-158E-4EFB-82E1-5853DC7AD903}"
EndProject
Project("{FAE04EC0-301F-11D3-BF4B-00C04F79EFBC}") = "AoC.2023.Day5", "2023\AoC.2023.Day5\AoC.2023.Day5.csproj", "{22658495-7BBC-4F16-BCE8-0E6F86289FFD}"
EndProject
Project("{FAE04EC0-301F-11D3-BF4B-00C04F79EFBC}") = "AoC.2023.Day6", "2023\AoC.2023.Day6\AoC.2023.Day6.csproj", "{07F83433-0663-4EFE-AA18-C1A50F17C171}"
EndProject
Project("{FAE04EC0-301F-11D3-BF4B-00C04F79EFBC}") = "AoC.2023.Day7", "2023\AoC.2023.Day7\AoC.2023.Day7.csproj", "{5EF34C0A-9CCC-4FC6-895E-F18A4849C1D8}"
EndProject
Project("{FAE04EC0-301F-11D3-BF4B-00C04F79EFBC}") = "AoC.2023.Day8", "2023\AoC.2023.Day8\AoC.2023.Day8.csproj", "{FA86A7C6-8C6D-42A0-9CEA-58A10AD6B786}"
EndProject
Project("{FAE04EC0-301F-11D3-BF4B-00C04F79EFBC}") = "AoC.2023.Day9", "2023\AoC.2023.Day9\AoC.2023.Day9.csproj", "{388E09AF-6FB9-4623-90BB-455F1CDE1F48}"
EndProject
Project("{FAE04EC0-301F-11D3-BF4B-00C04F79EFBC}") = "AoC.2023.Day10", "2023\AoC.2023.Day10\AoC.2023.Day10.csproj", "{178684AC-5578-4602-BA8E-508C5FFCB1B1}"
EndProject
Project("{FAE04EC0-301F-11D3-BF4B-00C04F79EFBC}") = "AoC.2023.Day11", "2023\AoC.2023.Day11\AoC.2023.Day11.csproj", "{7C28527E-A1C7-44A5-A096-AE8A656887C7}"
EndProject
Project("{FAE04EC0-301F-11D3-BF4B-00C04F79EFBC}") = "AoC.2023.Day12", "2023\AoC.2023.Day12\AoC.2023.Day12.csproj", "{ECAD2DA6-85EB-4EAB-8307-AC73EB8ECEA1}"
EndProject
Project("{FAE04EC0-301F-11D3-BF4B-00C04F79EFBC}") = "AoC.2023.Day13", "2023\AoC.2023.Day13\AoC.2023.Day13.csproj", "{B7358C49-257A-4D5E-9471-3FC088C2CB2A}"
EndProject
Project("{FAE04EC0-301F-11D3-BF4B-00C04F79EFBC}") = "Lib", "Lib\Lib.csproj", "{A79FF5C3-CE6A-411B-8E49-7B806AB12DC7}"
EndProject
Global
	GlobalSection(SolutionConfigurationPlatforms) = preSolution
		Debug|Any CPU = Debug|Any CPU
		Release|Any CPU = Release|Any CPU
	EndGlobalSection
	GlobalSection(ProjectConfigurationPlatforms) = postSolution
		{8331BF44-264E-453D-9D1D-C5F3DE6F453E}.Debug|Any CPU.ActiveCfg = Debug|Any CPU
		{8331BF44-264E-453D-9D1D-C5F3DE6F453E}.Debug|Any CPU.Build.0 = Debug|Any CPU
		{8331BF44-264E-453D-9D1D-C5F3DE6F453E}.Release|Any CPU.ActiveCfg = Release|Any CPU
		{8331BF44-264E-453D-9D1D-C5F3DE6F453E}.Release|Any CPU.Build.0 = Release|Any CPU
		{0D2E4D20-12C6-44E9-AD37-D2EE1C938FF1}.Debug|Any CPU.ActiveCfg = Debug|Any CPU
		{0D2E4D20-12C6-44E9-AD37-D2EE1C938FF1}.Debug|Any CPU.Build.0 = Debug|Any CPU
		{0D2E4D20-12C6-44E9-AD37-D2EE1C938FF1}.Release|Any CPU.ActiveCfg = Release|Any CPU
		{0D2E4D20-12C6-44E9-AD37-D2EE1C938FF1}.Release|Any CPU.Build.0 = Release|Any CPU
		{316FC4AA-8711-4410-845A-0FAFD136FDB1}.Debug|Any CPU.ActiveCfg = Debug|Any CPU
		{316FC4AA-8711-4410-845A-0FAFD136FDB1}.Debug|Any CPU.Build.0 = Debug|Any CPU
		{316FC4AA-8711-4410-845A-0FAFD136FDB1}.Release|Any CPU.ActiveCfg = Release|Any CPU
		{316FC4AA-8711-4410-845A-0FAFD136FDB1}.Release|Any CPU.Build.0 = Release|Any CPU
		{9E6359BD-158E-4EFB-82E1-5853DC7AD903}.Debug|Any CPU.ActiveCfg = Debug|Any CPU
		{9E6359BD-158E-4EFB-82E1-5853DC7AD903}.Debug|Any CPU.Build.0 = Debug|Any CPU
		{9E6359BD-158E-4EFB-82E1-5853DC7AD903}.Release|Any CPU.ActiveCfg = Release|Any CPU
		{9E6359BD-158E-4EFB-82E1-5853DC7AD903}.Release|Any CPU.Build.0 = Release|Any CPU
		{22658495-7BBC-4F16-BCE8-0E6F86289FFD}.Debug|Any CPU.ActiveCfg = Debug|Any CPU
		{22658495-7BBC-4F16-BCE8-0E6F86289FFD}.Debug|Any CPU.Build.0 = Debug|Any CPU
		{22658495-7BBC-4F16-BCE8-0E6F86289FFD}.Release|Any CPU.ActiveCfg = Release|Any CPU
		{22658495-7BBC-4F16-BCE8-0E6F86289FFD}.Release|Any CPU.Build.0 = Release|Any CPU
		{07F83433-0663-4EFE-AA18-C1A50F17C171}.Debug|Any CPU.ActiveCfg = Debug|Any CPU
		{07F83433-0663-4EFE-AA18-C1A50F17C171}.Debug|Any CPU.Build.0 = Debug|Any CPU
		{07F83433-0663-4EFE-AA18-C1A50F17C171}.Release|Any CPU.ActiveCfg = Release|Any CPU
		{07F83433-0663-4EFE-AA18-C1A50F17C171}.Release|Any CPU.Build.0 = Release|Any CPU
		{5EF34C0A-9CCC-4FC6-895E-F18A4849C1D8}.Debug|Any CPU.ActiveCfg = Debug|Any CPU
		{5EF34C0A-9CCC-4FC6-895E-F18A4849C1D8}.Debug|Any CPU.Build.0 = Debug|Any CPU
		{5EF34C0A-9CCC-4FC6-895E-F18A4849C1D8}.Release|Any CPU.ActiveCfg = Release|Any CPU
		{5EF34C0A-9CCC-4FC6-895E-F18A4849C1D8}.Release|Any CPU.Build.0 = Release|Any CPU
		{FA86A7C6-8C6D-42A0-9CEA-58A10AD6B786}.Debug|Any CPU.ActiveCfg = Debug|Any CPU
		{FA86A7C6-8C6D-42A0-9CEA-58A10AD6B786}.Debug|Any CPU.Build.0 = Debug|Any CPU
		{FA86A7C6-8C6D-42A0-9CEA-58A10AD6B786}.Release|Any CPU.ActiveCfg = Release|Any CPU
		{FA86A7C6-8C6D-42A0-9CEA-58A10AD6B786}.Release|Any CPU.Build.0 = Release|Any CPU
		{388E09AF-6FB9-4623-90BB-455F1CDE1F48}.Debug|Any CPU.ActiveCfg = Debug|Any CPU
		{388E09AF-6FB9-4623-90BB-455F1CDE1F48}.Debug|Any CPU.Build.0 = Debug|Any CPU
		{388E09AF-6FB9-4623-90BB-455F1CDE1F48}.Release|Any CPU.ActiveCfg = Release|Any CPU
		{388E09AF-6FB9-4623-90BB-455F1CDE1F48}.Release|Any CPU.Build.0 = Release|Any CPU
		{178684AC-5578-4602-BA8E-508C5FFCB1B1}.Debug|Any CPU.ActiveCfg = Debug|Any CPU
		{178684AC-5578-4602-BA8E-508C5FFCB1B1}.Debug|Any CPU.Build.0 = Debug|Any CPU
		{178684AC-5578-4602-BA8E-508C5FFCB1B1}.Release|Any CPU.ActiveCfg = Release|Any CPU
		{178684AC-5578-4602-BA8E-508C5FFCB1B1}.Release|Any CPU.Build.0 = Release|Any CPU
		{7C28527E-A1C7-44A5-A096-AE8A656887C7}.Debug|Any CPU.ActiveCfg = Debug|Any CPU
		{7C28527E-A1C7-44A5-A096-AE8A656887C7}.Debug|Any CPU.Build.0 = Debug|Any CPU
		{7C28527E-A1C7-44A5-A096-AE8A656887C7}.Release|Any CPU.ActiveCfg = Release|Any CPU
		{7C28527E-A1C7-44A5-A096-AE8A656887C7}.Release|Any CPU.Build.0 = Release|Any CPU
		{ECAD2DA6-85EB-4EAB-8307-AC73EB8ECEA1}.Debug|Any CPU.ActiveCfg = Debug|Any CPU
		{ECAD2DA6-85EB-4EAB-8307-AC73EB8ECEA1}.Debug|Any CPU.Build.0 = Debug|Any CPU
		{ECAD2DA6-85EB-4EAB-8307-AC73EB8ECEA1}.Release|Any CPU.ActiveCfg = Release|Any CPU
		{ECAD2DA6-85EB-4EAB-8307-AC73EB8ECEA1}.Release|Any CPU.Build.0 = Release|Any CPU
		{B7358C49-257A-4D5E-9471-3FC088C2CB2A}.Debug|Any CPU.ActiveCfg = Debug|Any CPU
		{B7358C49-257A-4D5E-9471-3FC088C2CB2A}.Debug|Any CPU.Build.0 = Debug|Any CPU
		{B7358C49-257A-4D5E-9471-3FC088C2CB2A}.Release|Any CPU.ActiveCfg = Release|Any CPU
		{B7358C49-257A-4D5E-9471-3FC088C2CB2A}.Release|Any CPU.Build.0 = Release|Any CPU
		{A79FF5C3-CE6A-411B-8E49-7B806AB12DC7}.Debug|Any CPU.ActiveCfg = Debug|Any CPU
		{A79FF5C3-CE6A-411B-8E49-7B806AB12DC7}.Debug|Any CPU.Build.0 = Debug|Any CPU
		{A79FF5C3-CE6A-411B-8E49-7B806AB12DC7}.Release|Any CPU.ActiveCfg = Release|Any CPU
		{A79FF5C3-CE6A-411B-8E49-7B806AB12DC7}.Release|Any CPU.Build.0 = Release|Any CPU
	EndGlobalSection
	GlobalSection(SolutionProperties) = preSolution
		HideSolutionNode = FALSE
	EndGlobalSection
	GlobalSection(NestedProjects) = preSolution
		{8331BF44-264E-453D-9D1D-C5F3DE6F453E} = {771B6AC8-770C-4677-A6C1-25A0B0A83B99}
		{0D2E4D20-12C6-44E9-AD37-D2EE1C938FF1} = {771B6AC8-770C-4677-A6C1-25A0B0A83B99}
		{316FC4AA-8711-4410-845A-0FAFD136FDB1} = {771B6AC8-770C-4677-A6C1-25A0B0A83B99}
		{9E6359BD-158E-4EFB-82E1-5853DC7AD903} = {771B6AC8-770C-4677-A6C1-25A0B0A83B99}
		{22658495-7BBC-4F16-BCE8-0E6F86289FFD} = {771B6AC8-770C-4677-A6C1-25A0B0A83B99}
		{07F83433-0663-4EFE-AA18-C1A50F17C171} = {771B6AC8-770C-4677-A6C1-25A0B0A83B99}
		{5EF34C0A-9CCC-4FC6-895E-F18A4849C1D8} = {771B6AC8-770C-4677-A6C1-25A0B0A83B99}
		{FA86A7C6-8C6D-42A0-9CEA-58A10AD6B786} = {771B6AC8-770C-4677-A6C1-25A0B0A83B99}
		{388E09AF-6FB9-4623-90BB-455F1CDE1F48} = {771B6AC8-770C-4677-A6C1-25A0B0A83B99}
		{178684AC-5578-4602-BA8E-508C5FFCB1B1} = {771B6AC8-770C-4677-A6C1-25A0B0A83B99}
		{7C28527E-A1C7-44A5-A096-AE8A656887C7} = {771B6AC8-770C-4677-A6C1-25A0B0A83B99}
		{ECAD2DA6-85EB-4EAB-8307-AC73EB8ECEA1} = {771B6AC8-770C-4677-A6C1-25A0B0A83B99}
		{B7358C49-257A-4D5E-9471-3FC088C2CB2A} = {771B6AC8-770C-4677-A6C1-25A0B0A83B99}
	EndGlobalSection
EndGlobal
