
Microsoft Visual Studio Solution File, Format Version 12.00
# Visual Studio Version 17
VisualStudioVersion = 17.0.31903.59
MinimumVisualStudioVersion = 10.0.40219.1
Project("{2150E333-8FDC-42A3-9474-1A3956D46DE8}") = "2023", "2023", "{771B6AC8-770C-4677-A6C1-25A0B0A83B99}"
EndProject
Project("{FAE04EC0-301F-11D3-BF4B-00C04F79EFBC}") = "AoC.2023.Day4", "2023\AoC.2023.Day4\AoC.2023.Day4.csproj", "{8331BF44-264E-453D-9D1D-C5F3DE6F453E}"
EndProject
Project("{FAE04EC0-301F-11D3-BF4B-00C04F79EFBC}") = "AoC.2023.Day1", "2023\AoC.2023.Day1\AoC.2023.Day1.csproj", "{0D2E4D20-12C6-44E9-AD37-D2EE1C938FF1}"
EndProject
Project("{FAE04EC0-301F-11D3-BF4B-00C04F79EFBC}") = "AoC.2023.Day2", "2023\AoC.2023.Day2\AoC.2023.Day2.csproj", "{316FC4AA-8711-4410-845A-0FAFD136FDB1}"
EndProject
Project("{FAE04EC0-301F-11D3-BF4B-00C04F79EFBC}") = "AoC.2023.Day3", "2023\AoC.2023.Day3\AoC.2023.Day3.csproj", "{9E6359BD-158E-4EFB-82E1-5853DC7AD903}"
EndProject
Project("{FAE04EC0-301F-11D3-BF4B-00C04F79EFBC}") = "AoC.2023.Day5", "2023\AoC.2023.Day5\AoC.2023.Day5.csproj", "{22658495-7BBC-4F16-BCE8-0E6F86289FFD}"
EndProject
Global
	GlobalSection(SolutionConfigurationPlatforms) = preSolution
		Debug|Any CPU = Debug|Any CPU
		Release|Any CPU = Release|Any CPU
	EndGlobalSection
	GlobalSection(ProjectConfigurationPlatforms) = postSolution
		{8331BF44-264E-453D-9D1D-C5F3DE6F453E}.Debug|Any CPU.ActiveCfg = Debug|Any CPU
		{8331BF44-264E-453D-9D1D-C5F3DE6F453E}.Debug|Any CPU.Build.0 = Debug|Any CPU
		{8331BF44-264E-453D-9D1D-C5F3DE6F453E}.Release|Any CPU.ActiveCfg = Release|Any CPU
		{8331BF44-264E-453D-9D1D-C5F3DE6F453E}.Release|Any CPU.Build.0 = Release|Any CPU
		{0D2E4D20-12C6-44E9-AD37-D2EE1C938FF1}.Debug|Any CPU.ActiveCfg = Debug|Any CPU
		{0D2E4D20-12C6-44E9-AD37-D2EE1C938FF1}.Debug|Any CPU.Build.0 = Debug|Any CPU
		{0D2E4D20-12C6-44E9-AD37-D2EE1C938FF1}.Release|Any CPU.ActiveCfg = Release|Any CPU
		{0D2E4D20-12C6-44E9-AD37-D2EE1C938FF1}.Release|Any CPU.Build.0 = Release|Any CPU
		{316FC4AA-8711-4410-845A-0FAFD136FDB1}.Debug|Any CPU.ActiveCfg = Debug|Any CPU
		{316FC4AA-8711-4410-845A-0FAFD136FDB1}.Debug|Any CPU.Build.0 = Debug|Any CPU
		{316FC4AA-8711-4410-845A-0FAFD136FDB1}.Release|Any CPU.ActiveCfg = Release|Any CPU
		{316FC4AA-8711-4410-845A-0FAFD136FDB1}.Release|Any CPU.Build.0 = Release|Any CPU
		{9E6359BD-158E-4EFB-82E1-5853DC7AD903}.Debug|Any CPU.ActiveCfg = Debug|Any CPU
		{9E6359BD-158E-4EFB-82E1-5853DC7AD903}.Debug|Any CPU.Build.0 = Debug|Any CPU
		{9E6359BD-158E-4EFB-82E1-5853DC7AD903}.Release|Any CPU.ActiveCfg = Release|Any CPU
		{9E6359BD-158E-4EFB-82E1-5853DC7AD903}.Release|Any CPU.Build.0 = Release|Any CPU
		{22658495-7BBC-4F16-BCE8-0E6F86289FFD}.Debug|Any CPU.ActiveCfg = Debug|Any CPU
		{22658495-7BBC-4F16-BCE8-0E6F86289FFD}.Debug|Any CPU.Build.0 = Debug|Any CPU
		{22658495-7BBC-4F16-BCE8-0E6F86289FFD}.Release|Any CPU.ActiveCfg = Release|Any CPU
		{22658495-7BBC-4F16-BCE8-0E6F86289FFD}.Release|Any CPU.Build.0 = Release|Any CPU
	EndGlobalSection
	GlobalSection(SolutionProperties) = preSolution
		HideSolutionNode = FALSE
	EndGlobalSection
	GlobalSection(NestedProjects) = preSolution
		{8331BF44-264E-453D-9D1D-C5F3DE6F453E} = {771B6AC8-770C-4677-A6C1-25A0B0A83B99}
		{0D2E4D20-12C6-44E9-AD37-D2EE1C938FF1} = {771B6AC8-770C-4677-A6C1-25A0B0A83B99}
		{316FC4AA-8711-4410-845A-0FAFD136FDB1} = {771B6AC8-770C-4677-A6C1-25A0B0A83B99}
		{9E6359BD-158E-4EFB-82E1-5853DC7AD903} = {771B6AC8-770C-4677-A6C1-25A0B0A83B99}
		{22658495-7BBC-4F16-BCE8-0E6F86289FFD} = {771B6AC8-770C-4677-A6C1-25A0B0A83B99}
	EndGlobalSection
EndGlobal
